
Microsoft Visual Studio Solution File, Format Version 12.00
# Visual Studio 14
VisualStudioVersion = 14.0.23107.0
MinimumVisualStudioVersion = 10.0.40219.1
Project("{888888A0-9F3D-457C-B088-3A5042F75D52}") = "biznesExp_Twitter", "biznesExp_Twitter\biznesExp_Twitter.pyproj", "{AEA5F428-4077-4211-BB08-BC9686CBFE62}"
EndProject
Global
	GlobalSection(SolutionConfigurationPlatforms) = preSolution
		Debug|Any CPU = Debug|Any CPU
		Release|Any CPU = Release|Any CPU
	EndGlobalSection
	GlobalSection(ProjectConfigurationPlatforms) = postSolution
		{AEA5F428-4077-4211-BB08-BC9686CBFE62}.Debug|Any CPU.ActiveCfg = Debug|Any CPU
		{AEA5F428-4077-4211-BB08-BC9686CBFE62}.Release|Any CPU.ActiveCfg = Release|Any CPU
	EndGlobalSection
	GlobalSection(SolutionProperties) = preSolution
		HideSolutionNode = FALSE
	EndGlobalSection
EndGlobal
